
Microsoft Visual Studio Solution File, Format Version 12.00
# Visual Studio 14
VisualStudioVersion = 14.0.25420.1
MinimumVisualStudioVersion = 10.0.40219.1
Project("{2150E333-8FDC-42A3-9474-1A3956D46DE8}") = "src", "src", "{AE80FE1E-00B7-4916-90C4-95847A3E2048}"
EndProject
Project("{2150E333-8FDC-42A3-9474-1A3956D46DE8}") = "Solution Items", "Solution Items", "{548F52D0-DA4F-48CE-AB6F-EA31A0745AA0}"
	ProjectSection(SolutionItems) = preProject
		global.json = global.json
	EndProjectSection
EndProject
Project("{8BB2217D-0F2D-49D1-97BC-3654ED321F3B}") = "HelloWorld", "src\HelloWorld\HelloWorld.xproj", "{D57B9A56-F78C-48CE-ACD8-14EAB807BF41}"
EndProject
Global
	GlobalSection(SolutionConfigurationPlatforms) = preSolution
		Debug|Any CPU = Debug|Any CPU
		Release|Any CPU = Release|Any CPU
	EndGlobalSection
	GlobalSection(ProjectConfigurationPlatforms) = postSolution
		{D57B9A56-F78C-48CE-ACD8-14EAB807BF41}.Debug|Any CPU.ActiveCfg = Debug|Any CPU
		{D57B9A56-F78C-48CE-ACD8-14EAB807BF41}.Debug|Any CPU.Build.0 = Debug|Any CPU
		{D57B9A56-F78C-48CE-ACD8-14EAB807BF41}.Release|Any CPU.ActiveCfg = Release|Any CPU
		{D57B9A56-F78C-48CE-ACD8-14EAB807BF41}.Release|Any CPU.Build.0 = Release|Any CPU
	EndGlobalSection
	GlobalSection(SolutionProperties) = preSolution
		HideSolutionNode = FALSE
	EndGlobalSection
	GlobalSection(NestedProjects) = preSolution
		{D57B9A56-F78C-48CE-ACD8-14EAB807BF41} = {AE80FE1E-00B7-4916-90C4-95847A3E2048}
	EndGlobalSection
EndGlobal
